
Microsoft Visual Studio Solution File, Format Version 12.00
# Visual Studio Version 17
VisualStudioVersion = 17.14.36623.8 d17.14
MinimumVisualStudioVersion = 10.0.40219.1
Project("{FAE04EC0-301F-11D3-BF4B-00C04F79EFBC}") = "Uppgift 14 Array multiplication in c-sharp", "Uppgift 14 Array multiplication in c-sharp.csproj", "{2D911E9F-BBE1-4772-9A35-4820618CCA0D}"
EndProject
Global
	GlobalSection(SolutionConfigurationPlatforms) = preSolution
		Debug|Any CPU = Debug|Any CPU
		Release|Any CPU = Release|Any CPU
	EndGlobalSection
	GlobalSection(ProjectConfigurationPlatforms) = postSolution
		{2D911E9F-BBE1-4772-9A35-4820618CCA0D}.Debug|Any CPU.ActiveCfg = Debug|Any CPU
		{2D911E9F-BBE1-4772-9A35-4820618CCA0D}.Debug|Any CPU.Build.0 = Debug|Any CPU
		{2D911E9F-BBE1-4772-9A35-4820618CCA0D}.Release|Any CPU.ActiveCfg = Release|Any CPU
		{2D911E9F-BBE1-4772-9A35-4820618CCA0D}.Release|Any CPU.Build.0 = Release|Any CPU
	EndGlobalSection
	GlobalSection(SolutionProperties) = preSolution
		HideSolutionNode = FALSE
	EndGlobalSection
	GlobalSection(ExtensibilityGlobals) = postSolution
		SolutionGuid = {B343F85A-95C6-4F1C-8213-7DCB0122E79A}
	EndGlobalSection
EndGlobal
