
Microsoft Visual Studio Solution File, Format Version 12.00
# Visual Studio Version 17
VisualStudioVersion = 17.14.36603.0 d17.14
MinimumVisualStudioVersion = 10.0.40219.1
Project("{FAE04EC0-301F-11D3-BF4B-00C04F79EFBC}") = "Uppgift 8 Age Verification and controll flow exercise", "Uppgift 8 Age Verification and controll flow exercise.csproj", "{49841C55-0885-411C-B718-CD7D03F53518}"
EndProject
Global
	GlobalSection(SolutionConfigurationPlatforms) = preSolution
		Debug|Any CPU = Debug|Any CPU
		Release|Any CPU = Release|Any CPU
	EndGlobalSection
	GlobalSection(ProjectConfigurationPlatforms) = postSolution
		{49841C55-0885-411C-B718-CD7D03F53518}.Debug|Any CPU.ActiveCfg = Debug|Any CPU
		{49841C55-0885-411C-B718-CD7D03F53518}.Debug|Any CPU.Build.0 = Debug|Any CPU
		{49841C55-0885-411C-B718-CD7D03F53518}.Release|Any CPU.ActiveCfg = Release|Any CPU
		{49841C55-0885-411C-B718-CD7D03F53518}.Release|Any CPU.Build.0 = Release|Any CPU
	EndGlobalSection
	GlobalSection(SolutionProperties) = preSolution
		HideSolutionNode = FALSE
	EndGlobalSection
	GlobalSection(ExtensibilityGlobals) = postSolution
		SolutionGuid = {8F7E849A-D911-4AF7-A55B-69E7F0577D22}
	EndGlobalSection
EndGlobal
