
Microsoft Visual Studio Solution File, Format Version 12.00
# Visual Studio Version 17
VisualStudioVersion = 17.14.36616.10 d17.14
MinimumVisualStudioVersion = 10.0.40219.1
Project("{FAE04EC0-301F-11D3-BF4B-00C04F79EFBC}") = "Uppgift 19 integer array task in c#", "Uppgift 19 integer array task in c#\Uppgift 19 integer array task in c#.csproj", "{2A7BD25D-41F2-471F-82DB-509F465F6E40}"
EndProject
Global
	GlobalSection(SolutionConfigurationPlatforms) = preSolution
		Debug|Any CPU = Debug|Any CPU
		Release|Any CPU = Release|Any CPU
	EndGlobalSection
	GlobalSection(ProjectConfigurationPlatforms) = postSolution
		{2A7BD25D-41F2-471F-82DB-509F465F6E40}.Debug|Any CPU.ActiveCfg = Debug|Any CPU
		{2A7BD25D-41F2-471F-82DB-509F465F6E40}.Debug|Any CPU.Build.0 = Debug|Any CPU
		{2A7BD25D-41F2-471F-82DB-509F465F6E40}.Release|Any CPU.ActiveCfg = Release|Any CPU
		{2A7BD25D-41F2-471F-82DB-509F465F6E40}.Release|Any CPU.Build.0 = Release|Any CPU
	EndGlobalSection
	GlobalSection(SolutionProperties) = preSolution
		HideSolutionNode = FALSE
	EndGlobalSection
	GlobalSection(ExtensibilityGlobals) = postSolution
		SolutionGuid = {FE9F8154-9BAF-4F78-B7C8-847490A79C71}
	EndGlobalSection
EndGlobal
