
Microsoft Visual Studio Solution File, Format Version 12.00
# Visual Studio Version 17
VisualStudioVersion = 17.14.36603.0 d17.14
MinimumVisualStudioVersion = 10.0.40219.1
Project("{FAE04EC0-301F-11D3-BF4B-00C04F79EFBC}") = "Uppgift 5 Switch Statement", "Uppgift 5 Switch Statement.csproj", "{57B36472-EBC5-4612-8DD1-9B8854786A90}"
EndProject
Global
	GlobalSection(SolutionConfigurationPlatforms) = preSolution
		Debug|Any CPU = Debug|Any CPU
		Release|Any CPU = Release|Any CPU
	EndGlobalSection
	GlobalSection(ProjectConfigurationPlatforms) = postSolution
		{57B36472-EBC5-4612-8DD1-9B8854786A90}.Debug|Any CPU.ActiveCfg = Debug|Any CPU
		{57B36472-EBC5-4612-8DD1-9B8854786A90}.Debug|Any CPU.Build.0 = Debug|Any CPU
		{57B36472-EBC5-4612-8DD1-9B8854786A90}.Release|Any CPU.ActiveCfg = Release|Any CPU
		{57B36472-EBC5-4612-8DD1-9B8854786A90}.Release|Any CPU.Build.0 = Release|Any CPU
	EndGlobalSection
	GlobalSection(SolutionProperties) = preSolution
		HideSolutionNode = FALSE
	EndGlobalSection
	GlobalSection(ExtensibilityGlobals) = postSolution
		SolutionGuid = {2F6FDF3A-65AB-41F8-A266-091E4DF2A856}
	EndGlobalSection
EndGlobal
