
Microsoft Visual Studio Solution File, Format Version 12.00
# Visual Studio Version 17
VisualStudioVersion = 17.14.36603.0 d17.14
MinimumVisualStudioVersion = 10.0.40219.1
Project("{FAE04EC0-301F-11D3-BF4B-00C04F79EFBC}") = "Uppgift 6 Loops in c sharp", "Uppgift 6 Loops in c sharp.csproj", "{42054558-71A9-4537-B63C-7244C17ECA0D}"
EndProject
Global
	GlobalSection(SolutionConfigurationPlatforms) = preSolution
		Debug|Any CPU = Debug|Any CPU
		Release|Any CPU = Release|Any CPU
	EndGlobalSection
	GlobalSection(ProjectConfigurationPlatforms) = postSolution
		{42054558-71A9-4537-B63C-7244C17ECA0D}.Debug|Any CPU.ActiveCfg = Debug|Any CPU
		{42054558-71A9-4537-B63C-7244C17ECA0D}.Debug|Any CPU.Build.0 = Debug|Any CPU
		{42054558-71A9-4537-B63C-7244C17ECA0D}.Release|Any CPU.ActiveCfg = Release|Any CPU
		{42054558-71A9-4537-B63C-7244C17ECA0D}.Release|Any CPU.Build.0 = Release|Any CPU
	EndGlobalSection
	GlobalSection(SolutionProperties) = preSolution
		HideSolutionNode = FALSE
	EndGlobalSection
	GlobalSection(ExtensibilityGlobals) = postSolution
		SolutionGuid = {81CF01EB-738D-463E-B6F3-639AC4EF1C78}
	EndGlobalSection
EndGlobal
