
Microsoft Visual Studio Solution File, Format Version 12.00
# Visual Studio Version 17
VisualStudioVersion = 17.14.36623.8 d17.14
MinimumVisualStudioVersion = 10.0.40219.1
Project("{FAE04EC0-301F-11D3-BF4B-00C04F79EFBC}") = "Uppgift 10 Operators in c-sharp", "Uppgift 10 Operators in c-sharp.csproj", "{0A28138B-5DE5-4497-8F9A-6F4D0BD999BC}"
EndProject
Global
	GlobalSection(SolutionConfigurationPlatforms) = preSolution
		Debug|Any CPU = Debug|Any CPU
		Release|Any CPU = Release|Any CPU
	EndGlobalSection
	GlobalSection(ProjectConfigurationPlatforms) = postSolution
		{0A28138B-5DE5-4497-8F9A-6F4D0BD999BC}.Debug|Any CPU.ActiveCfg = Debug|Any CPU
		{0A28138B-5DE5-4497-8F9A-6F4D0BD999BC}.Debug|Any CPU.Build.0 = Debug|Any CPU
		{0A28138B-5DE5-4497-8F9A-6F4D0BD999BC}.Release|Any CPU.ActiveCfg = Release|Any CPU
		{0A28138B-5DE5-4497-8F9A-6F4D0BD999BC}.Release|Any CPU.Build.0 = Release|Any CPU
	EndGlobalSection
	GlobalSection(SolutionProperties) = preSolution
		HideSolutionNode = FALSE
	EndGlobalSection
	GlobalSection(ExtensibilityGlobals) = postSolution
		SolutionGuid = {05F7529C-0A6D-4305-BEFA-278CD014C749}
	EndGlobalSection
EndGlobal
