
Microsoft Visual Studio Solution File, Format Version 12.00
# Visual Studio Version 17
VisualStudioVersion = 17.14.36623.8 d17.14
MinimumVisualStudioVersion = 10.0.40219.1
Project("{FAE04EC0-301F-11D3-BF4B-00C04F79EFBC}") = "Uppgift 16 sort reverse remove and find in c-sharp", "Uppgift 16 sort reverse remove and find in c-sharp.csproj", "{38FFC819-CFDA-48FC-9CBA-D1BCCD2EAA57}"
EndProject
Global
	GlobalSection(SolutionConfigurationPlatforms) = preSolution
		Debug|Any CPU = Debug|Any CPU
		Release|Any CPU = Release|Any CPU
	EndGlobalSection
	GlobalSection(ProjectConfigurationPlatforms) = postSolution
		{38FFC819-CFDA-48FC-9CBA-D1BCCD2EAA57}.Debug|Any CPU.ActiveCfg = Debug|Any CPU
		{38FFC819-CFDA-48FC-9CBA-D1BCCD2EAA57}.Debug|Any CPU.Build.0 = Debug|Any CPU
		{38FFC819-CFDA-48FC-9CBA-D1BCCD2EAA57}.Release|Any CPU.ActiveCfg = Release|Any CPU
		{38FFC819-CFDA-48FC-9CBA-D1BCCD2EAA57}.Release|Any CPU.Build.0 = Release|Any CPU
	EndGlobalSection
	GlobalSection(SolutionProperties) = preSolution
		HideSolutionNode = FALSE
	EndGlobalSection
	GlobalSection(ExtensibilityGlobals) = postSolution
		SolutionGuid = {19705A14-4EF3-437E-8864-AA336C81E5F0}
	EndGlobalSection
EndGlobal
